<?xml version="1.0" encoding="utf-8"?>
<Project ToolsVersion="4.0" xmlns="http://schemas.microsoft.com/developer/msbuild/2003">
  <ItemGroup>
    <ClCompile Include="ActionListener.cpp" />
    <ClCompile Include="BasicVariableException.cpp" />
    <ClCompile Include="BrushContainer.cpp" />
    <ClCompile Include="Button.cpp" />
    <ClCompile Include="ButtonConstructor.cpp" />
    <ClCompile Include="Circle.cpp" />
    <ClCompile Include="CircleConstructor.cpp" />
    <ClCompile Include="Color.cpp" />
    <ClCompile Include="Counter.cpp" />
    <ClCompile Include="EngineNameMain.cpp" />
    <ClCompile Include="GameEngineTry5.cpp" />
    <ClCompile Include="Line.cpp" />
    <ClCompile Include="MainWindow.cpp" />
    <ClCompile Include="NullVisible.cpp" />
    <ClCompile Include="ObjectConstructor.cpp" />
    <ClCompile Include="ObjectContainer.cpp" />
    <ClCompile Include="ObjectContainerAccess.cpp" />
    <ClCompile Include="ObjectGroup.cpp" />
    <ClCompile Include="ObjectGroupConstructor.cpp" />
    <ClCompile Include="ObjectTasks.cpp" />
    <ClCompile Include="OnActionBase.cpp" />
    <ClCompile Include="OnClick.cpp" />
    <ClCompile Include="Painter.cpp" />
    <ClCompile Include="PaintingOrder.cpp" />
    <ClCompile Include="Queue.cpp" />
    <ClCompile Include="Rectangle.cpp" />
    <ClCompile Include="RectangleConstructor.cpp" />
    <ClCompile Include="Scene.cpp" />
    <ClCompile Include="SceneConstructor.cpp" />
    <ClCompile Include="Shape.cpp" />
    <ClCompile Include="Task.cpp" />
    <ClCompile Include="TextButtonConstructor.cpp" />
    <ClCompile Include="TextFormatContainer.cpp" />
    <ClCompile Include="TextRectangle.cpp" />
    <ClCompile Include="TextRectangleConstructor.cpp" />
    <ClCompile Include="Vector.cpp" />
    <ClCompile Include="Visible.cpp" />
    <ClCompile Include="VisibleGroup.cpp" />
    <ClCompile Include="WidthAndHeight.cpp" />
    <ClCompile Include="WindowAccess.cpp" />
    <ClCompile Include="CounterTasks.cpp" />
    <ClCompile Include="ActivatableTButton.cpp" />
    <ClCompile Include="Font.cpp" />
    <ClCompile Include="ActivatableTButtonConstructor.cpp" />
  </ItemGroup>
  <ItemGroup>
    <ClInclude Include="ActionListener.h" />
    <ClInclude Include="BaseIncludeLibraries.h" />
    <ClInclude Include="BasicException.h" />
    <ClInclude Include="BasicVariableException.h" />
    <ClInclude Include="BrushContainer.h" />
    <ClInclude Include="Button.h" />
    <ClInclude Include="ButtonConstructor.h" />
    <ClInclude Include="Circle.h" />
    <ClInclude Include="CircleConstructor.h" />
    <ClInclude Include="Color.h" />
    <ClInclude Include="Constants.h" />
    <ClInclude Include="DevDefinedTasks.h" />
    <ClInclude Include="Font.h" />
    <ClInclude Include="framework.h" />
    <ClInclude Include="GameEngineTry5.h" />
    <ClInclude Include="GraphicsIncludeLibraries.h" />
    <ClInclude Include="Line.h" />
    <ClInclude Include="MainWindow.h" />
    <ClInclude Include="NullVisible.h" />
    <ClInclude Include="Object.h" />
    <ClInclude Include="ObjectConstructor.h" />
    <ClInclude Include="ObjectContainer.h" />
    <ClInclude Include="ObjectContainerAccess.h" />
    <ClInclude Include="ObjectGroup.h" />
    <ClInclude Include="ObjectGroupConstructor.h" />
    <ClInclude Include="ObjectTasks.h" />
    <ClInclude Include="OnActionBase.h" />
    <ClInclude Include="OnClick.h" />
    <ClInclude Include="Painter.h" />
    <ClInclude Include="PaintingOrder.h" />
    <ClInclude Include="Queue.h" />
    <ClInclude Include="Rectangle.h" />
    <ClInclude Include="RectangleConstructor.h" />
    <ClInclude Include="Resource.h" />
    <ClInclude Include="Scene.h" />
    <ClInclude Include="SceneConstructor.h" />
    <ClInclude Include="Shape.h" />
    <ClInclude Include="targetver.h" />
    <ClInclude Include="Task.h" />
    <ClInclude Include="TaskContainer.h" />
    <ClInclude Include="TextButton.h" />
    <ClInclude Include="TextButtonConstructor.h" />
    <ClInclude Include="TextFormatContainer.h" />
    <ClInclude Include="TextRectangle.h" />
    <ClInclude Include="TextRectangleConstructor.h" />
    <ClInclude Include="Vector.h" />
    <ClInclude Include="Visible.h" />
    <ClInclude Include="VisibleGroup.h" />
    <ClInclude Include="WidthAndHeight.h" />
    <ClInclude Include="WindowAccess.h" />
    <ClInclude Include="WindowBaseClass.h" />
    <ClInclude Include="_BaseIncludeLibraries.h" />
    <ClInclude Include="ActivatableTButton.h" />
    <ClInclude Include="ActivatableTButtonConstructor.h" />
    <ClInclude Include="Typedefs.h" />
  </ItemGroup>
  <ItemGroup>
    <ClInclude Include="ActionListener.h" />
    <ClInclude Include="BaseIncludeLibraries.h" />
    <ClInclude Include="BasicException.h" />
    <ClInclude Include="BasicVariableException.h" />
    <ClInclude Include="BrushContainer.h" />
    <ClInclude Include="Button.h" />
    <ClInclude Include="ButtonConstructor.h" />
    <ClInclude Include="Circle.h" />
    <ClInclude Include="CircleConstructor.h" />
    <ClInclude Include="Color.h" />
    <ClInclude Include="Constants.h" />
    <ClInclude Include="Counter.h" />
    <ClInclude Include="CounterConstructor.h" />
    <ClInclude Include="DevDefinedTasks.h" />
    <ClInclude Include="Display.h" />
    <ClInclude Include="Font.h" />
    <ClInclude Include="framework.h" />
    <ClInclude Include="GameEngineTry5.h" />
    <ClInclude Include="GraphicsIncludeLibraries.h" />
    <ClInclude Include="Line.h" />
    <ClInclude Include="MainWindow.h" />
    <ClInclude Include="NullVisible.h" />
    <ClInclude Include="Object.h" />
    <ClInclude Include="ObjectConstructor.h" />
    <ClInclude Include="ObjectContainer.h" />
    <ClInclude Include="ObjectContainerAccess.h" />
    <ClInclude Include="ObjectGroup.h" />
    <ClInclude Include="ObjectGroupConstructor.h" />
    <ClInclude Include="ObjectTasks.h" />
    <ClInclude Include="OnActionBase.h" />
    <ClInclude Include="OnClick.h" />
    <ClInclude Include="Painter.h" />
    <ClInclude Include="PaintingOrder.h" />
    <ClInclude Include="Queue.h" />
    <ClInclude Include="Rectangle.h" />
    <ClInclude Include="RectangleConstructor.h" />
    <ClInclude Include="Resource.h" />
    <ClInclude Include="Scene.h" />
    <ClInclude Include="SceneConstructor.h" />
    <ClInclude Include="Shape.h" />
    <ClInclude Include="targetver.h" />
    <ClInclude Include="Task.h" />
    <ClInclude Include="TextButton.h" />
    <ClInclude Include="TextButtonConstructor.h" />
    <ClInclude Include="TextFormatContainer.h" />
    <ClInclude Include="TextRectangle.h" />
    <ClInclude Include="TextRectangleConstructor.h" />
    <ClInclude Include="Vector.h" />
    <ClInclude Include="Visible.h" />
    <ClInclude Include="VisibleGroup.h" />
    <ClInclude Include="WidthAndHeight.h" />
    <ClInclude Include="WindowAccess.h" />
    <ClInclude Include="WindowBaseClass.h" />
    <ClInclude Include="_BaseIncludeLibraries.h" />
    <ClInclude Include="DisplayConstructor.h" />
    <ClInclude Include="CounterImpl.h" />
    <ClInclude Include="DisplayImpl.h" />
    <ClInclude Include="CounterTasks.h" />
    <ClCompile Include="GameEngineTry5.cpp">
      <Filter>Source Files</Filter>
    </ClCompile>
    <ClCompile Include="Circle.cpp">
      <Filter>Source Files</Filter>
    </ClCompile>
    <ClCompile Include="CircleConstructor.cpp">
      <Filter>Source Files</Filter>
    </ClCompile>
    <ClCompile Include="Color.cpp">
      <Filter>Source Files</Filter>
    </ClCompile>
    <ClCompile Include="EngineNameMain.cpp">
      <Filter>Source Files</Filter>
    </ClCompile>
    <ClCompile Include="Line.cpp">
      <Filter>Source Files</Filter>
    </ClCompile>
    <ClCompile Include="MainWindow.cpp">
      <Filter>Source Files</Filter>
    </ClCompile>
    <ClCompile Include="ObjectConstructor.cpp">
      <Filter>Source Files</Filter>
    </ClCompile>
    <ClCompile Include="ObjectContainer.cpp">
      <Filter>Source Files</Filter>
    </ClCompile>
    <ClCompile Include="Painter.cpp">
      <Filter>Source Files</Filter>
    </ClCompile>
    <ClCompile Include="PaintingOrder.cpp">
      <Filter>Source Files</Filter>
    </ClCompile>
    <ClCompile Include="Rectangle.cpp">
      <Filter>Source Files</Filter>
    </ClCompile>
    <ClCompile Include="RectangleConstructor.cpp">
      <Filter>Source Files</Filter>
    </ClCompile>
    <ClCompile Include="Shape.cpp">
      <Filter>Source Files</Filter>
    </ClCompile>
    <ClCompile Include="Vector.cpp">
      <Filter>Source Files</Filter>
    </ClCompile>
    <ClCompile Include="WindowAccess.cpp">
      <Filter>Source Files</Filter>
    </ClCompile>
    <ClCompile Include="Visible.cpp">
      <Filter>Source Files</Filter>
    </ClCompile>
    <ClCompile Include="BrushContainer.cpp">
      <Filter>Source Files</Filter>
    </ClCompile>
    <ClCompile Include="BasicVariableException.cpp">
      <Filter>Source Files</Filter>
    </ClCompile>
    <ClCompile Include="Task.cpp">
      <Filter>Source Files</Filter>
    </ClCompile>
    <ClCompile Include="Queue.cpp">
      <Filter>Source Files</Filter>
    </ClCompile>
    <ClCompile Include="ObjectTasks.cpp">
      <Filter>Source Files</Filter>
    </ClCompile>
    <ClCompile Include="TextFormatContainer.cpp">
      <Filter>Source Files</Filter>
    </ClCompile>
    <ClCompile Include="TextRectangle.cpp">
      <Filter>Source Files</Filter>
    </ClCompile>
    <ClCompile Include="TextRectangleConstructor.cpp">
      <Filter>Source Files</Filter>
    </ClCompile>
    <ClCompile Include="WidthAndHeight.cpp">
      <Filter>Source Files</Filter>
    </ClCompile>
    <ClCompile Include="ActionListener.cpp">
      <Filter>Source Files</Filter>
    </ClCompile>
    <ClCompile Include="OnActionBase.cpp">
      <Filter>Source Files</Filter>
    </ClCompile>
    <ClCompile Include="OnClick.cpp">
      <Filter>Source Files</Filter>
    </ClCompile>
    <ClCompile Include="NullVisible.cpp">
      <Filter>Source Files</Filter>
    </ClCompile>
    <ClCompile Include="Button.cpp">
      <Filter>Source Files</Filter>
    </ClCompile>
    <ClCompile Include="ButtonConstructor.cpp">
      <Filter>Source Files</Filter>
    </ClCompile>
    <ClCompile Include="TextButton.cpp">
      <Filter>Source Files</Filter>
    </ClCompile>
    <ClCompile Include="TextButtonConstructor.cpp">
      <Filter>Source Files</Filter>
    </ClCompile>
    <ClCompile Include="ObjectGroup.cpp">
      <Filter>Source Files</Filter>
    </ClCompile>
    <ClCompile Include="ObjectGroupConstructor.cpp">
      <Filter>Source Files</Filter>
    </ClCompile>
    <ClCompile Include="Scene.cpp">
      <Filter>Source Files</Filter>
    </ClCompile>
    <ClCompile Include="SceneConstructor.cpp">
      <Filter>Source Files</Filter>
    </ClCompile>
    <ClCompile Include="VisibleGroup.cpp">
      <Filter>Source Files</Filter>
    </ClCompile>
    <ClCompile Include="ObjectContainerAccess.cpp">
      <Filter>Source Files</Filter>
    </ClCompile>
  </ItemGroup>
  <ItemGroup>
    <ResourceCompile Include="GameEngineTry5.rc" />
  </ItemGroup>
  <ItemGroup>
    <Image Include="GameEngineTry5.ico" />
    <Image Include="small.ico" />
  </ItemGroup>
</Project>